
Microsoft Visual Studio Solution File, Format Version 12.00
# Visual Studio 15
VisualStudioVersion = 15.0.27428.2037
MinimumVisualStudioVersion = 10.0.40219.1
Project("{8BC9CEB8-8B4A-11D0-8D11-00A0C91BC942}") = "FontGenerator", "FontGenerator.vcxproj", "{CC634425-02B7-4648-899A-22588D92A319}"
EndProject
Global
	GlobalSection(SolutionConfigurationPlatforms) = preSolution
		Debug|x64 = Debug|x64
		Debug|x86 = Debug|x86
		Release|x64 = Release|x64
		Release|x86 = Release|x86
	EndGlobalSection
	GlobalSection(ProjectConfigurationPlatforms) = postSolution
		{CC634425-02B7-4648-899A-22588D92A319}.Debug|x64.ActiveCfg = Debug|x64
		{CC634425-02B7-4648-899A-22588D92A319}.Debug|x64.Build.0 = Debug|x64
		{CC634425-02B7-4648-899A-22588D92A319}.Debug|x86.ActiveCfg = Debug|Win32
		{CC634425-02B7-4648-899A-22588D92A319}.Debug|x86.Build.0 = Debug|Win32
		{CC634425-02B7-4648-899A-22588D92A319}.Release|x64.ActiveCfg = Release|x64
		{CC634425-02B7-4648-899A-22588D92A319}.Release|x64.Build.0 = Release|x64
		{CC634425-02B7-4648-899A-22588D92A319}.Release|x86.ActiveCfg = Release|Win32
		{CC634425-02B7-4648-899A-22588D92A319}.Release|x86.Build.0 = Release|Win32
	EndGlobalSection
	GlobalSection(SolutionProperties) = preSolution
		HideSolutionNode = FALSE
	EndGlobalSection
	GlobalSection(ExtensibilityGlobals) = postSolution
		SolutionGuid = {09FD2EC6-BDEB-42C2-A825-7C9768F04583}
	EndGlobalSection
EndGlobal
